// !$*UTF8*$!
{
	archiveVersion = 1;
	classes = {
	};
	objectVersion = 48;
	objects = {

/* Begin PBXBuildFile section */
		2EB528D01FB30ECD00FB912B /* AppDelegate.swift in Sources */ = {isa = PBXBuildFile; fileRef = 2EB528CF1FB30ECD00FB912B /* AppDelegate.swift */; };
		2EB528D21FB30ECD00FB912B /* ViewController.swift in Sources */ = {isa = PBXBuildFile; fileRef = 2EB528D11FB30ECD00FB912B /* ViewController.swift */; };
		2EB528D51FB30ECD00FB912B /* Main.storyboard in Resources */ = {isa = PBXBuildFile; fileRef = 2EB528D31FB30ECD00FB912B /* Main.storyboard */; };
		2EB528D71FB30ECD00FB912B /* Assets.xcassets in Resources */ = {isa = PBXBuildFile; fileRef = 2EB528D61FB30ECD00FB912B /* Assets.xcassets */; };
		2EB528DA1FB30ECD00FB912B /* LaunchScreen.storyboard in Resources */ = {isa = PBXBuildFile; fileRef = 2EB528D81FB30ECD00FB912B /* LaunchScreen.storyboard */; };
		2EB528E51FB30ECD00FB912B /* FreeOfoTests.swift in Sources */ = {isa = PBXBuildFile; fileRef = 2EB528E41FB30ECD00FB912B /* FreeOfoTests.swift */; };
		2EB528F01FB30ECD00FB912B /* FreeOfoUITests.swift in Sources */ = {isa = PBXBuildFile; fileRef = 2EB528EF1FB30ECD00FB912B /* FreeOfoUITests.swift */; };
/* End PBXBuildFile section */

/* Begin PBXContainerItemProxy section */
		2EB528E11FB30ECD00FB912B /* PBXContainerItemProxy */ = {
			isa = PBXContainerItemProxy;
			containerPortal = 2EB528C41FB30ECD00FB912B /* Project object */;
			proxyType = 1;
			remoteGlobalIDString = 2EB528CB1FB30ECD00FB912B;
			remoteInfo = FreeOfo;
		};
		2EB528EC1FB30ECD00FB912B /* PBXContainerItemProxy */ = {
			isa = PBXContainerItemProxy;
			containerPortal = 2EB528C41FB30ECD00FB912B /* Project object */;
			proxyType = 1;
			remoteGlobalIDString = 2EB528CB1FB30ECD00FB912B;
			remoteInfo = FreeOfo;
		};
/* End PBXContainerItemProxy section */

/* Begin PBXFileReference section */
		2EB528CC1FB30ECD00FB912B /* FreeOfo.app */ = {isa = PBXFileReference; explicitFileType = wrapper.application; includeInIndex = 0; path = FreeOfo.app; sourceTree = BUILT_PRODUCTS_DIR; };
		2EB528CF1FB30ECD00FB912B /* AppDelegate.swift */ = {isa = PBXFileReference; lastKnownFileType = sourcecode.swift; path = AppDelegate.swift; sourceTree = "<group>"; };
		2EB528D11FB30ECD00FB912B /* ViewController.swift */ = {isa = PBXFileReference; lastKnownFileType = sourcecode.swift; path = ViewController.swift; sourceTree = "<group>"; };
		2EB528D41FB30ECD00FB912B /* Base */ = {isa = PBXFileReference; lastKnownFileType = file.storyboard; name = Base; path = Base.lproj/Main.storyboard; sourceTree = "<group>"; };
		2EB528D61FB30ECD00FB912B /* Assets.xcassets */ = {isa = PBXFileReference; lastKnownFileType = folder.assetcatalog; path = Assets.xcassets; sourceTree = "<group>"; };
		2EB528D91FB30ECD00FB912B /* Base */ = {isa = PBXFileReference; lastKnownFileType = file.storyboard; name = Base; path = Base.lproj/LaunchScreen.storyboard; sourceTree = "<group>"; };
		2EB528DB1FB30ECD00FB912B /* Info.plist */ = {isa = PBXFileReference; lastKnownFileType = text.plist.xml; path = Info.plist; sourceTree = "<group>"; };
		2EB528E01FB30ECD00FB912B /* FreeOfoTests.xctest */ = {isa = PBXFileReference; explicitFileType = wrapper.cfbundle; includeInIndex = 0; path = FreeOfoTests.xctest; sourceTree = BUILT_PRODUCTS_DIR; };
		2EB528E41FB30ECD00FB912B /* FreeOfoTests.swift */ = {isa = PBXFileReference; lastKnownFileType = sourcecode.swift; path = FreeOfoTests.swift; sourceTree = "<group>"; };
		2EB528E61FB30ECD00FB912B /* Info.plist */ = {isa = PBXFileReference; lastKnownFileType = text.plist.xml; path = Info.plist; sourceTree = "<group>"; };
		2EB528EB1FB30ECD00FB912B /* FreeOfoUITests.xctest */ = {isa = PBXFileReference; explicitFileType = wrapper.cfbundle; includeInIndex = 0; path = FreeOfoUITests.xctest; sourceTree = BUILT_PRODUCTS_DIR; };
		2EB528EF1FB30ECD00FB912B /* FreeOfoUITests.swift */ = {isa = PBXFileReference; lastKnownFileType = sourcecode.swift; path = FreeOfoUITests.swift; sourceTree = "<group>"; };
		2EB528F11FB30ECD00FB912B /* Info.plist */ = {isa = PBXFileReference; lastKnownFileType = text.plist.xml; path = Info.plist; sourceTree = "<group>"; };
/* End PBXFileReference section */

/* Begin PBXFrameworksBuildPhase section */
		2EB528C91FB30ECD00FB912B /* Frameworks */ = {
			isa = PBXFrameworksBuildPhase;
			buildActionMask = 2147483647;
			files = (
			);
			runOnlyForDeploymentPostprocessing = 0;
		};
		2EB528DD1FB30ECD00FB912B /* Frameworks */ = {
			isa = PBXFrameworksBuildPhase;
			buildActionMask = 2147483647;
			files = (
			);
			runOnlyForDeploymentPostprocessing = 0;
		};
		2EB528E81FB30ECD00FB912B /* Frameworks */ = {
			isa = PBXFrameworksBuildPhase;
			buildActionMask = 2147483647;
			files = (
			);
			runOnlyForDeploymentPostprocessing = 0;
		};
/* End PBXFrameworksBuildPhase section */

/* Begin PBXGroup section */
		2EB528C31FB30ECD00FB912B = {
			isa = PBXGroup;
			children = (
				2EB528CE1FB30ECD00FB912B /* FreeOfo */,
				2EB528E31FB30ECD00FB912B /* FreeOfoTests */,
				2EB528EE1FB30ECD00FB912B /* FreeOfoUITests */,
				2EB528CD1FB30ECD00FB912B /* Products */,
			);
			sourceTree = "<group>";
		};
		2EB528CD1FB30ECD00FB912B /* Products */ = {
			isa = PBXGroup;
			children = (
				2EB528CC1FB30ECD00FB912B /* FreeOfo.app */,
				2EB528E01FB30ECD00FB912B /* FreeOfoTests.xctest */,
				2EB528EB1FB30ECD00FB912B /* FreeOfoUITests.xctest */,
			);
			name = Products;
			sourceTree = "<group>";
		};
		2EB528CE1FB30ECD00FB912B /* FreeOfo */ = {
			isa = PBXGroup;
			children = (
				2EB528CF1FB30ECD00FB912B /* AppDelegate.swift */,
				2EB528D11FB30ECD00FB912B /* ViewController.swift */,
				2EB528D31FB30ECD00FB912B /* Main.storyboard */,
				2EB528D61FB30ECD00FB912B /* Assets.xcassets */,
				2EB528D81FB30ECD00FB912B /* LaunchScreen.storyboard */,
				2EB528DB1FB30ECD00FB912B /* Info.plist */,
			);
			path = FreeOfo;
			sourceTree = "<group>";
		};
		2EB528E31FB30ECD00FB912B /* FreeOfoTests */ = {
			isa = PBXGroup;
			children = (
				2EB528E41FB30ECD00FB912B /* FreeOfoTests.swift */,
				2EB528E61FB30ECD00FB912B /* Info.plist */,
			);
			path = FreeOfoTests;
			sourceTree = "<group>";
		};
		2EB528EE1FB30ECD00FB912B /* FreeOfoUITests */ = {
			isa = PBXGroup;
			children = (
				2EB528EF1FB30ECD00FB912B /* FreeOfoUITests.swift */,
				2EB528F11FB30ECD00FB912B /* Info.plist */,
			);
			path = FreeOfoUITests;
			sourceTree = "<group>";
		};
/* End PBXGroup section */

/* Begin PBXNativeTarget section */
		2EB528CB1FB30ECD00FB912B /* FreeOfo */ = {
			isa = PBXNativeTarget;
			buildConfigurationList = 2EB528F41FB30ECD00FB912B /* Build configuration list for PBXNativeTarget "FreeOfo" */;
			buildPhases = (
				2EB528C81FB30ECD00FB912B /* Sources */,
				2EB528C91FB30ECD00FB912B /* Frameworks */,
				2EB528CA1FB30ECD00FB912B /* Resources */,
			);
			buildRules = (
			);
			dependencies = (
			);
			name = FreeOfo;
			productName = FreeOfo;
			productReference = 2EB528CC1FB30ECD00FB912B /* FreeOfo.app */;
			productType = "com.apple.product-type.application";
		};
		2EB528DF1FB30ECD00FB912B /* FreeOfoTests */ = {
			isa = PBXNativeTarget;
			buildConfigurationList = 2EB528F71FB30ECD00FB912B /* Build configuration list for PBXNativeTarget "FreeOfoTests" */;
			buildPhases = (
				2EB528DC1FB30ECD00FB912B /* Sources */,
				2EB528DD1FB30ECD00FB912B /* Frameworks */,
				2EB528DE1FB30ECD00FB912B /* Resources */,
			);
			buildRules = (
			);
			dependencies = (
				2EB528E21FB30ECD00FB912B /* PBXTargetDependency */,
			);
			name = FreeOfoTests;
			productName = FreeOfoTests;
			productReference = 2EB528E01FB30ECD00FB912B /* FreeOfoTests.xctest */;
			productType = "com.apple.product-type.bundle.unit-test";
		};
		2EB528EA1FB30ECD00FB912B /* FreeOfoUITests */ = {
			isa = PBXNativeTarget;
			buildConfigurationList = 2EB528FA1FB30ECD00FB912B /* Build configuration list for PBXNativeTarget "FreeOfoUITests" */;
			buildPhases = (
				2EB528E71FB30ECD00FB912B /* Sources */,
				2EB528E81FB30ECD00FB912B /* Frameworks */,
				2EB528E91FB30ECD00FB912B /* Resources */,
			);
			buildRules = (
			);
			dependencies = (
				2EB528ED1FB30ECD00FB912B /* PBXTargetDependency */,
			);
			name = FreeOfoUITests;
			productName = FreeOfoUITests;
			productReference = 2EB528EB1FB30ECD00FB912B /* FreeOfoUITests.xctest */;
			productType = "com.apple.product-type.bundle.ui-testing";
		};
/* End PBXNativeTarget section */

/* Begin PBXProject section */
		2EB528C41FB30ECD00FB912B /* Project object */ = {
			isa = PBXProject;
			attributes = {
				LastSwiftUpdateCheck = 0900;
				LastUpgradeCheck = 0900;
				ORGANIZATIONNAME = yunba;
				TargetAttributes = {
					2EB528CB1FB30ECD00FB912B = {
						CreatedOnToolsVersion = 9.0.1;
						ProvisioningStyle = Automatic;
					};
					2EB528DF1FB30ECD00FB912B = {
						CreatedOnToolsVersion = 9.0.1;
						ProvisioningStyle = Automatic;
						TestTargetID = 2EB528CB1FB30ECD00FB912B;
					};
					2EB528EA1FB30ECD00FB912B = {
						CreatedOnToolsVersion = 9.0.1;
						ProvisioningStyle = Automatic;
						TestTargetID = 2EB528CB1FB30ECD00FB912B;
					};
				};
			};
			buildConfigurationList = 2EB528C71FB30ECD00FB912B /* Build configuration list for PBXProject "FreeOfo" */;
			compatibilityVersion = "Xcode 8.0";
			developmentRegion = en;
			hasScannedForEncodings = 0;
			knownRegions = (
				en,
				Base,
			);
			mainGroup = 2EB528C31FB30ECD00FB912B;
			productRefGroup = 2EB528CD1FB30ECD00FB912B /* Products */;
			projectDirPath = "";
			projectRoot = "";
			targets = (
				2EB528CB1FB30ECD00FB912B /* FreeOfo */,
				2EB528DF1FB30ECD00FB912B /* FreeOfoTests */,
				2EB528EA1FB30ECD00FB912B /* FreeOfoUITests */,
			);
		};
/* End PBXProject section */

/* Begin PBXResourcesBuildPhase section */
		2EB528CA1FB30ECD00FB912B /* Resources */ = {
			isa = PBXResourcesBuildPhase;
			buildActionMask = 2147483647;
			files = (
				2EB528DA1FB30ECD00FB912B /* LaunchScreen.storyboard in Resources */,
				2EB528D71FB30ECD00FB912B /* Assets.xcassets in Resources */,
				2EB528D51FB30ECD00FB912B /* Main.storyboard in Resources */,
			);
			runOnlyForDeploymentPostprocessing = 0;
		};
		2EB528DE1FB30ECD00FB912B /* Resources */ = {
			isa = PBXResourcesBuildPhase;
			buildActionMask = 2147483647;
			files = (
			);
			runOnlyForDeploymentPostprocessing = 0;
		};
		2EB528E91FB30ECD00FB912B /* Resources */ = {
			isa = PBXResourcesBuildPhase;
			buildActionMask = 2147483647;
			files = (
			);
			runOnlyForDeploymentPostprocessing = 0;
		};
/* End PBXResourcesBuildPhase section */

/* Begin PBXSourcesBuildPhase section */
		2EB528C81FB30ECD00FB912B /* Sources */ = {
			isa = PBXSourcesBuildPhase;
			buildActionMask = 2147483647;
			files = (
				2EB528D21FB30ECD00FB912B /* ViewController.swift in Sources */,
				2EB528D01FB30ECD00FB912B /* AppDelegate.swift in Sources */,
			);
			runOnlyForDeploymentPostprocessing = 0;
		};
		2EB528DC1FB30ECD00FB912B /* Sources */ = {
			isa = PBXSourcesBuildPhase;
			buildActionMask = 2147483647;
			files = (
				2EB528E51FB30ECD00FB912B /* FreeOfoTests.swift in Sources */,
			);
			runOnlyForDeploymentPostprocessing = 0;
		};
		2EB528E71FB30ECD00FB912B /* Sources */ = {
			isa = PBXSourcesBuildPhase;
			buildActionMask = 2147483647;
			files = (
				2EB528F01FB30ECD00FB912B /* FreeOfoUITests.swift in Sources */,
			);
			runOnlyForDeploymentPostprocessing = 0;
		};
/* End PBXSourcesBuildPhase section */

/* Begin PBXTargetDependency section */
		2EB528E21FB30ECD00FB912B /* PBXTargetDependency */ = {
			isa = PBXTargetDependency;
			target = 2EB528CB1FB30ECD00FB912B /* FreeOfo */;
			targetProxy = 2EB528E11FB30ECD00FB912B /* PBXContainerItemProxy */;
		};
		2EB528ED1FB30ECD00FB912B /* PBXTargetDependency */ = {
			isa = PBXTargetDependency;
			target = 2EB528CB1FB30ECD00FB912B /* FreeOfo */;
			targetProxy = 2EB528EC1FB30ECD00FB912B /* PBXContainerItemProxy */;
		};
/* End PBXTargetDependency section */

/* Begin PBXVariantGroup section */
		2EB528D31FB30ECD00FB912B /* Main.storyboard */ = {
			isa = PBXVariantGroup;
			children = (
				2EB528D41FB30ECD00FB912B /* Base */,
			);
			name = Main.storyboard;
			sourceTree = "<group>";
		};
		2EB528D81FB30ECD00FB912B /* LaunchScreen.storyboard */ = {
			isa = PBXVariantGroup;
			children = (
				2EB528D91FB30ECD00FB912B /* Base */,
			);
			name = LaunchScreen.storyboard;
			sourceTree = "<group>";
		};
/* End PBXVariantGroup section */

/* Begin XCBuildConfiguration section */
		2EB528F21FB30ECD00FB912B /* Debug */ = {
			isa = XCBuildConfiguration;
			buildSettings = {
				ALWAYS_SEARCH_USER_PATHS = NO;
				CLANG_ANALYZER_NONNULL = YES;
				CLANG_ANALYZER_NUMBER_OBJECT_CONVERSION = YES_AGGRESSIVE;
				CLANG_CXX_LANGUAGE_STANDARD = "gnu++14";
				CLANG_CXX_LIBRARY = "libc++";
				CLANG_ENABLE_MODULES = YES;
				CLANG_ENABLE_OBJC_ARC = YES;
				CLANG_WARN_BLOCK_CAPTURE_AUTORELEASING = YES;
				CLANG_WARN_BOOL_CONVERSION = YES;
				CLANG_WARN_COMMA = YES;
				CLANG_WARN_CONSTANT_CONVERSION = YES;
				CLANG_WARN_DIRECT_OBJC_ISA_USAGE = YES_ERROR;
				CLANG_WARN_DOCUMENTATION_COMMENTS = YES;
				CLANG_WARN_EMPTY_BODY = YES;
				CLANG_WARN_ENUM_CONVERSION = YES;
				CLANG_WARN_INFINITE_RECURSION = YES;
				CLANG_WARN_INT_CONVERSION = YES;
				CLANG_WARN_NON_LITERAL_NULL_CONVERSION = YES;
				CLANG_WARN_OBJC_LITERAL_CONVERSION = YES;
				CLANG_WARN_OBJC_ROOT_CLASS = YES_ERROR;
				CLANG_WARN_RANGE_LOOP_ANALYSIS = YES;
				CLANG_WARN_STRICT_PROTOTYPES = YES;
				CLANG_WARN_SUSPICIOUS_MOVE = YES;
				CLANG_WARN_UNGUARDED_AVAILABILITY = YES_AGGRESSIVE;
				CLANG_WARN_UNREACHABLE_CODE = YES;
				CLANG_WARN__DUPLICATE_METHOD_MATCH = YES;
				CODE_SIGN_IDENTITY = "iPhone Developer";
				COPY_PHASE_STRIP = NO;
				DEBUG_INFORMATION_FORMAT = dwarf;
				ENABLE_STRICT_OBJC_MSGSEND = YES;
				ENABLE_TESTABILITY = YES;
				GCC_C_LANGUAGE_STANDARD = gnu11;
				GCC_DYNAMIC_NO_PIC = NO;
				GCC_NO_COMMON_BLOCKS = YES;
				GCC_OPTIMIZATION_LEVEL = 0;
				GCC_PREPROCESSOR_DEFINITIONS = (
					"DEBUG=1",
					"$(inherited)",
				);
				GCC_WARN_64_TO_32_BIT_CONVERSION = YES;
				GCC_WARN_ABOUT_RETURN_TYPE = YES_ERROR;
				GCC_WARN_UNDECLARED_SELECTOR = YES;
				GCC_WARN_UNINITIALIZED_AUTOS = YES_AGGRESSIVE;
				GCC_WARN_UNUSED_FUNCTION = YES;
				GCC_WARN_UNUSED_VARIABLE = YES;
				IPHONEOS_DEPLOYMENT_TARGET = 11.0;
				MTL_ENABLE_DEBUG_INFO = YES;
				ONLY_ACTIVE_ARCH = YES;
				SDKROOT = iphoneos;
				SWIFT_ACTIVE_COMPILATION_CONDITIONS = DEBUG;
				SWIFT_OPTIMIZATION_LEVEL = "-Onone";
			};
			name = Debug;
		};
		2EB528F31FB30ECD00FB912B /* Release */ = {
			isa = XCBuildConfiguration;
			buildSettings = {
				ALWAYS_SEARCH_USER_PATHS = NO;
				CLANG_ANALYZER_NONNULL = YES;
				CLANG_ANALYZER_NUMBER_OBJECT_CONVERSION = YES_AGGRESSIVE;
				CLANG_CXX_LANGUAGE_STANDARD = "gnu++14";
				CLANG_CXX_LIBRARY = "libc++";
				CLANG_ENABLE_MODULES = YES;
				CLANG_ENABLE_OBJC_ARC = YES;
				CLANG_WARN_BLOCK_CAPTURE_AUTORELEASING = YES;
				CLANG_WARN_BOOL_CONVERSION = YES;
				CLANG_WARN_COMMA = YES;
				CLANG_WARN_CONSTANT_CONVERSION = YES;
				CLANG_WARN_DIRECT_OBJC_ISA_USAGE = YES_ERROR;
				CLANG_WARN_DOCUMENTATION_COMMENTS = YES;
				CLANG_WARN_EMPTY_BODY = YES;
				CLANG_WARN_ENUM_CONVERSION = YES;
				CLANG_WARN_INFINITE_RECURSION = YES;
				CLANG_WARN_INT_CONVERSION = YES;
				CLANG_WARN_NON_LITERAL_NULL_CONVERSION = YES;
				CLANG_WARN_OBJC_LITERAL_CONVERSION = YES;
				CLANG_WARN_OBJC_ROOT_CLASS = YES_ERROR;
				CLANG_WARN_RANGE_LOOP_ANALYSIS = YES;
				CLANG_WARN_STRICT_PROTOTYPES = YES;
				CLANG_WARN_SUSPICIOUS_MOVE = YES;
				CLANG_WARN_UNGUARDED_AVAILABILITY = YES_AGGRESSIVE;
				CLANG_WARN_UNREACHABLE_CODE = YES;
				CLANG_WARN__DUPLICATE_METHOD_MATCH = YES;
				CODE_SIGN_IDENTITY = "iPhone Developer";
				COPY_PHASE_STRIP = NO;
				DEBUG_INFORMATION_FORMAT = "dwarf-with-dsym";
				ENABLE_NS_ASSERTIONS = NO;
				ENABLE_STRICT_OBJC_MSGSEND = YES;
				GCC_C_LANGUAGE_STANDARD = gnu11;
				GCC_NO_COMMON_BLOCKS = YES;
				GCC_WARN_64_TO_32_BIT_CONVERSION = YES;
				GCC_WARN_ABOUT_RETURN_TYPE = YES_ERROR;
				GCC_WARN_UNDECLARED_SELECTOR = YES;
				GCC_WARN_UNINITIALIZED_AUTOS = YES_AGGRESSIVE;
				GCC_WARN_UNUSED_FUNCTION = YES;
				GCC_WARN_UNUSED_VARIABLE = YES;
				IPHONEOS_DEPLOYMENT_TARGET = 11.0;
				MTL_ENABLE_DEBUG_INFO = NO;
				SDKROOT = iphoneos;
				SWIFT_OPTIMIZATION_LEVEL = "-Owholemodule";
				VALIDATE_PRODUCT = YES;
			};
			name = Release;
		};
		2EB528F51FB30ECD00FB912B /* Debug */ = {
			isa = XCBuildConfiguration;
			buildSettings = {
				ASSETCATALOG_COMPILER_APPICON_NAME = AppIcon;
				CODE_SIGN_STYLE = Automatic;
				DEVELOPMENT_TEAM = NZF49C8V6H;
				INFOPLIST_FILE = FreeOfo/Info.plist;
				LD_RUNPATH_SEARCH_PATHS = "$(inherited) @executable_path/Frameworks";
				PRODUCT_BUNDLE_IDENTIFIER = io.yunba.FreeOfo;
				PRODUCT_NAME = "$(TARGET_NAME)";
				SWIFT_VERSION = 4.0;
				TARGETED_DEVICE_FAMILY = "1,2";
			};
			name = Debug;
		};
		2EB528F61FB30ECD00FB912B /* Release */ = {
			isa = XCBuildConfiguration;
			buildSettings = {
				ASSETCATALOG_COMPILER_APPICON_NAME = AppIcon;
				CODE_SIGN_STYLE = Automatic;
				DEVELOPMENT_TEAM = NZF49C8V6H;
				INFOPLIST_FILE = FreeOfo/Info.plist;
				LD_RUNPATH_SEARCH_PATHS = "$(inherited) @executable_path/Frameworks";
				PRODUCT_BUNDLE_IDENTIFIER = io.yunba.FreeOfo;
				PRODUCT_NAME = "$(TARGET_NAME)";
				SWIFT_VERSION = 4.0;
				TARGETED_DEVICE_FAMILY = "1,2";
			};
			name = Release;
		};
		2EB528F81FB30ECD00FB912B /* Debug */ = {
			isa = XCBuildConfiguration;
			buildSettings = {
				ALWAYS_EMBED_SWIFT_STANDARD_LIBRARIES = YES;
				BUNDLE_LOADER = "$(TEST_HOST)";
				CODE_SIGN_STYLE = Automatic;
				DEVELOPMENT_TEAM = NZF49C8V6H;
				INFOPLIST_FILE = FreeOfoTests/Info.plist;
				LD_RUNPATH_SEARCH_PATHS = "$(inherited) @executable_path/Frameworks @loader_path/Frameworks";
				PRODUCT_BUNDLE_IDENTIFIER = io.yunba.FreeOfoTests;
				PRODUCT_NAME = "$(TARGET_NAME)";
				SWIFT_VERSION = 4.0;
				TARGETED_DEVICE_FAMILY = "1,2";
				TEST_HOST = "$(BUILT_PRODUCTS_DIR)/FreeOfo.app/FreeOfo";
			};
			name = Debug;
		};
		2EB528F91FB30ECD00FB912B /* Release */ = {
			isa = XCBuildConfiguration;
			buildSettings = {
				ALWAYS_EMBED_SWIFT_STANDARD_LIBRARIES = YES;
				BUNDLE_LOADER = "$(TEST_HOST)";
				CODE_SIGN_STYLE = Automatic;
				DEVELOPMENT_TEAM = NZF49C8V6H;
				INFOPLIST_FILE = FreeOfoTests/Info.plist;
				LD_RUNPATH_SEARCH_PATHS = "$(inherited) @executable_path/Frameworks @loader_path/Frameworks";
				PRODUCT_BUNDLE_IDENTIFIER = io.yunba.FreeOfoTests;
				PRODUCT_NAME = "$(TARGET_NAME)";
				SWIFT_VERSION = 4.0;
				TARGETED_DEVICE_FAMILY = "1,2";
				TEST_HOST = "$(BUILT_PRODUCTS_DIR)/FreeOfo.app/FreeOfo";
			};
			name = Release;
		};
		2EB528FB1FB30ECD00FB912B /* Debug */ = {
			isa = XCBuildConfiguration;
			buildSettings = {
				ALWAYS_EMBED_SWIFT_STANDARD_LIBRARIES = YES;
				CODE_SIGN_STYLE = Automatic;
				DEVELOPMENT_TEAM = NZF49C8V6H;
				INFOPLIST_FILE = FreeOfoUITests/Info.plist;
				LD_RUNPATH_SEARCH_PATHS = "$(inherited) @executable_path/Frameworks @loader_path/Frameworks";
				PRODUCT_BUNDLE_IDENTIFIER = io.yunba.FreeOfoUITests;
				PRODUCT_NAME = "$(TARGET_NAME)";
				SWIFT_VERSION = 4.0;
				TARGETED_DEVICE_FAMILY = "1,2";
				TEST_TARGET_NAME = FreeOfo;
			};
			name = Debug;
		};
		2EB528FC1FB30ECD00FB912B /* Release */ = {
			isa = XCBuildConfiguration;
			buildSettings = {
				ALWAYS_EMBED_SWIFT_STANDARD_LIBRARIES = YES;
				CODE_SIGN_STYLE = Automatic;
				DEVELOPMENT_TEAM = NZF49C8V6H;
				INFOPLIST_FILE = FreeOfoUITests/Info.plist;
				LD_RUNPATH_SEARCH_PATHS = "$(inherited) @executable_path/Frameworks @loader_path/Frameworks";
				PRODUCT_BUNDLE_IDENTIFIER = io.yunba.FreeOfoUITests;
				PRODUCT_NAME = "$(TARGET_NAME)";
				SWIFT_VERSION = 4.0;
				TARGETED_DEVICE_FAMILY = "1,2";
				TEST_TARGET_NAME = FreeOfo;
			};
			name = Release;
		};
/* End XCBuildConfiguration section */

/* Begin XCConfigurationList section */
		2EB528C71FB30ECD00FB912B /* Build configuration list for PBXProject "FreeOfo" */ = {
			isa = XCConfigurationList;
			buildConfigurations = (
				2EB528F21FB30ECD00FB912B /* Debug */,
				2EB528F31FB30ECD00FB912B /* Release */,
			);
			defaultConfigurationIsVisible = 0;
			defaultConfigurationName = Release;
		};
		2EB528F41FB30ECD00FB912B /* Build configuration list for PBXNativeTarget "FreeOfo" */ = {
			isa = XCConfigurationList;
			buildConfigurations = (
				2EB528F51FB30ECD00FB912B /* Debug */,
				2EB528F61FB30ECD00FB912B /* Release */,
			);
			defaultConfigurationIsVisible = 0;
			defaultConfigurationName = Release;
		};
		2EB528F71FB30ECD00FB912B /* Build configuration list for PBXNativeTarget "FreeOfoTests" */ = {
			isa = XCConfigurationList;
			buildConfigurations = (
				2EB528F81FB30ECD00FB912B /* Debug */,
				2EB528F91FB30ECD00FB912B /* Release */,
			);
			defaultConfigurationIsVisible = 0;
			defaultConfigurationName = Release;
		};
		2EB528FA1FB30ECD00FB912B /* Build configuration list for PBXNativeTarget "FreeOfoUITests" */ = {
			isa = XCConfigurationList;
			buildConfigurations = (
				2EB528FB1FB30ECD00FB912B /* Debug */,
				2EB528FC1FB30ECD00FB912B /* Release */,
			);
			defaultConfigurationIsVisible = 0;
			defaultConfigurationName = Release;
		};
/* End XCConfigurationList section */
	};
	rootObject = 2EB528C41FB30ECD00FB912B /* Project object */;
}
