// !$*UTF8*$!
{
	archiveVersion = 1;
	classes = {
	};
	objectVersion = 48;
	objects = {

/* Begin PBXBuildFile section */
		09EB033754F117CCC30F41E8 /* Pods_FreeOfoTests.framework in Frameworks */ = {isa = PBXBuildFile; fileRef = 753317E83CD5D3D287C713FC /* Pods_FreeOfoTests.framework */; };
		2E3545D21FBE892100A322CD /* TabBar.storyboard in Resources */ = {isa = PBXBuildFile; fileRef = 2E3545D11FBE892100A322CD /* TabBar.storyboard */; };
		2E3545D51FBE8BF000A322CD /* TabItemViewController.swift in Sources */ = {isa = PBXBuildFile; fileRef = 2E3545D31FBE8BF000A322CD /* TabItemViewController.swift */; };
		2E3545D61FBE8BF000A322CD /* TabItemViewController.xib in Resources */ = {isa = PBXBuildFile; fileRef = 2E3545D41FBE8BF000A322CD /* TabItemViewController.xib */; };
		2E3545D81FBEC3D400A322CD /* ViewController+BLE.swift in Sources */ = {isa = PBXBuildFile; fileRef = 2E3545D71FBEC3D400A322CD /* ViewController+BLE.swift */; };
		2E3545DA1FBEC6AB00A322CD /* ViewController+Logger.swift in Sources */ = {isa = PBXBuildFile; fileRef = 2E3545D91FBEC6AB00A322CD /* ViewController+Logger.swift */; };
		2EB528D01FB30ECD00FB912B /* AppDelegate.swift in Sources */ = {isa = PBXBuildFile; fileRef = 2EB528CF1FB30ECD00FB912B /* AppDelegate.swift */; };
		2EB528D21FB30ECD00FB912B /* ViewController.swift in Sources */ = {isa = PBXBuildFile; fileRef = 2EB528D11FB30ECD00FB912B /* ViewController.swift */; };
		2EB528D51FB30ECD00FB912B /* Main.storyboard in Resources */ = {isa = PBXBuildFile; fileRef = 2EB528D31FB30ECD00FB912B /* Main.storyboard */; };
		2EB528D71FB30ECD00FB912B /* Assets.xcassets in Resources */ = {isa = PBXBuildFile; fileRef = 2EB528D61FB30ECD00FB912B /* Assets.xcassets */; };
		2EB528DA1FB30ECD00FB912B /* LaunchScreen.storyboard in Resources */ = {isa = PBXBuildFile; fileRef = 2EB528D81FB30ECD00FB912B /* LaunchScreen.storyboard */; };
		2EB528E51FB30ECD00FB912B /* FreeOfoTests.swift in Sources */ = {isa = PBXBuildFile; fileRef = 2EB528E41FB30ECD00FB912B /* FreeOfoTests.swift */; };
		2EB528F01FB30ECD00FB912B /* FreeOfoUITests.swift in Sources */ = {isa = PBXBuildFile; fileRef = 2EB528EF1FB30ECD00FB912B /* FreeOfoUITests.swift */; };
		2EB529001FB4019B00FB912B /* NetService.swift in Sources */ = {isa = PBXBuildFile; fileRef = 2EB528FF1FB4019B00FB912B /* NetService.swift */; };
		2EB529021FB4309F00FB912B /* ViewController+UIStyle.swift in Sources */ = {isa = PBXBuildFile; fileRef = 2EB529011FB4309F00FB912B /* ViewController+UIStyle.swift */; };
		2EB529091FB59BFA00FB912B /* Helper.swift in Sources */ = {isa = PBXBuildFile; fileRef = 2EB529081FB59BFA00FB912B /* Helper.swift */; };
		2EB5290C1FB5CB1100FB912B /* Unlocker.swift in Sources */ = {isa = PBXBuildFile; fileRef = 2EB5290B1FB5CB1000FB912B /* Unlocker.swift */; };
		2EB5290E1FB5CBF300FB912B /* UnlockerScene.storyboard in Resources */ = {isa = PBXBuildFile; fileRef = 2EB5290D1FB5CBF300FB912B /* UnlockerScene.storyboard */; };
		2EB529101FB5CC9400FB912B /* UnlockerViewController.swift in Sources */ = {isa = PBXBuildFile; fileRef = 2EB5290F1FB5CC9400FB912B /* UnlockerViewController.swift */; };
		2EB529141FBA9F1000FB912B /* Helper+String.swift in Sources */ = {isa = PBXBuildFile; fileRef = 2EB529131FBA9F1000FB912B /* Helper+String.swift */; };
		BC2C3487797D1B8818523E63 /* Pods_FreeOfoUITests.framework in Frameworks */ = {isa = PBXBuildFile; fileRef = FDA593C116E44FDA41F2AF6D /* Pods_FreeOfoUITests.framework */; };
		DADD9073FCB55ADD354919B4 /* Pods_FreeOfo.framework in Frameworks */ = {isa = PBXBuildFile; fileRef = AE7168369594E80AAFAAE99B /* Pods_FreeOfo.framework */; };
/* End PBXBuildFile section */

/* Begin PBXContainerItemProxy section */
		2EB528E11FB30ECD00FB912B /* PBXContainerItemProxy */ = {
			isa = PBXContainerItemProxy;
			containerPortal = 2EB528C41FB30ECD00FB912B /* Project object */;
			proxyType = 1;
			remoteGlobalIDString = 2EB528CB1FB30ECD00FB912B;
			remoteInfo = FreeOfo;
		};
		2EB528EC1FB30ECD00FB912B /* PBXContainerItemProxy */ = {
			isa = PBXContainerItemProxy;
			containerPortal = 2EB528C41FB30ECD00FB912B /* Project object */;
			proxyType = 1;
			remoteGlobalIDString = 2EB528CB1FB30ECD00FB912B;
			remoteInfo = FreeOfo;
		};
/* End PBXContainerItemProxy section */

/* Begin PBXFileReference section */
		13CD6A951022550BAAC10257 /* Pods-FreeOfoTests.release.xcconfig */ = {isa = PBXFileReference; includeInIndex = 1; lastKnownFileType = text.xcconfig; name = "Pods-FreeOfoTests.release.xcconfig"; path = "Pods/Target Support Files/Pods-FreeOfoTests/Pods-FreeOfoTests.release.xcconfig"; sourceTree = "<group>"; };
		2E3545D11FBE892100A322CD /* TabBar.storyboard */ = {isa = PBXFileReference; lastKnownFileType = file.storyboard; path = TabBar.storyboard; sourceTree = "<group>"; };
		2E3545D31FBE8BF000A322CD /* TabItemViewController.swift */ = {isa = PBXFileReference; lastKnownFileType = sourcecode.swift; path = TabItemViewController.swift; sourceTree = "<group>"; };
		2E3545D41FBE8BF000A322CD /* TabItemViewController.xib */ = {isa = PBXFileReference; lastKnownFileType = file.xib; path = TabItemViewController.xib; sourceTree = "<group>"; };
		2E3545D71FBEC3D400A322CD /* ViewController+BLE.swift */ = {isa = PBXFileReference; lastKnownFileType = sourcecode.swift; path = "ViewController+BLE.swift"; sourceTree = "<group>"; };
		2E3545D91FBEC6AB00A322CD /* ViewController+Logger.swift */ = {isa = PBXFileReference; lastKnownFileType = sourcecode.swift; path = "ViewController+Logger.swift"; sourceTree = "<group>"; };
		2EB528CC1FB30ECD00FB912B /* FreeOfo.app */ = {isa = PBXFileReference; explicitFileType = wrapper.application; includeInIndex = 0; path = FreeOfo.app; sourceTree = BUILT_PRODUCTS_DIR; };
		2EB528CF1FB30ECD00FB912B /* AppDelegate.swift */ = {isa = PBXFileReference; lastKnownFileType = sourcecode.swift; path = AppDelegate.swift; sourceTree = "<group>"; };
		2EB528D11FB30ECD00FB912B /* ViewController.swift */ = {isa = PBXFileReference; lastKnownFileType = sourcecode.swift; path = ViewController.swift; sourceTree = "<group>"; };
		2EB528D41FB30ECD00FB912B /* Base */ = {isa = PBXFileReference; lastKnownFileType = file.storyboard; name = Base; path = Base.lproj/Main.storyboard; sourceTree = "<group>"; };
		2EB528D61FB30ECD00FB912B /* Assets.xcassets */ = {isa = PBXFileReference; lastKnownFileType = folder.assetcatalog; path = Assets.xcassets; sourceTree = "<group>"; };
		2EB528D91FB30ECD00FB912B /* Base */ = {isa = PBXFileReference; lastKnownFileType = file.storyboard; name = Base; path = Base.lproj/LaunchScreen.storyboard; sourceTree = "<group>"; };
		2EB528DB1FB30ECD00FB912B /* Info.plist */ = {isa = PBXFileReference; lastKnownFileType = text.plist.xml; path = Info.plist; sourceTree = "<group>"; };
		2EB528E01FB30ECD00FB912B /* FreeOfoTests.xctest */ = {isa = PBXFileReference; explicitFileType = wrapper.cfbundle; includeInIndex = 0; path = FreeOfoTests.xctest; sourceTree = BUILT_PRODUCTS_DIR; };
		2EB528E41FB30ECD00FB912B /* FreeOfoTests.swift */ = {isa = PBXFileReference; lastKnownFileType = sourcecode.swift; path = FreeOfoTests.swift; sourceTree = "<group>"; };
		2EB528E61FB30ECD00FB912B /* Info.plist */ = {isa = PBXFileReference; lastKnownFileType = text.plist.xml; path = Info.plist; sourceTree = "<group>"; };
		2EB528EB1FB30ECD00FB912B /* FreeOfoUITests.xctest */ = {isa = PBXFileReference; explicitFileType = wrapper.cfbundle; includeInIndex = 0; path = FreeOfoUITests.xctest; sourceTree = BUILT_PRODUCTS_DIR; };
		2EB528EF1FB30ECD00FB912B /* FreeOfoUITests.swift */ = {isa = PBXFileReference; lastKnownFileType = sourcecode.swift; path = FreeOfoUITests.swift; sourceTree = "<group>"; };
		2EB528F11FB30ECD00FB912B /* Info.plist */ = {isa = PBXFileReference; lastKnownFileType = text.plist.xml; path = Info.plist; sourceTree = "<group>"; };
		2EB528FF1FB4019B00FB912B /* NetService.swift */ = {isa = PBXFileReference; lastKnownFileType = sourcecode.swift; path = NetService.swift; sourceTree = "<group>"; };
		2EB529011FB4309F00FB912B /* ViewController+UIStyle.swift */ = {isa = PBXFileReference; lastKnownFileType = sourcecode.swift; path = "ViewController+UIStyle.swift"; sourceTree = "<group>"; };
		2EB529081FB59BFA00FB912B /* Helper.swift */ = {isa = PBXFileReference; lastKnownFileType = sourcecode.swift; path = Helper.swift; sourceTree = "<group>"; };
		2EB5290A1FB5A0DD00FB912B /* BridgeHeader.h */ = {isa = PBXFileReference; lastKnownFileType = sourcecode.c.h; path = BridgeHeader.h; sourceTree = "<group>"; };
		2EB5290B1FB5CB1000FB912B /* Unlocker.swift */ = {isa = PBXFileReference; lastKnownFileType = sourcecode.swift; name = Unlocker.swift; path = FreeOfo/Unlocker.swift; sourceTree = SOURCE_ROOT; };
		2EB5290D1FB5CBF300FB912B /* UnlockerScene.storyboard */ = {isa = PBXFileReference; lastKnownFileType = file.storyboard; name = UnlockerScene.storyboard; path = FreeOfo/Unlocker/UnlockerScene.storyboard; sourceTree = SOURCE_ROOT; };
		2EB5290F1FB5CC9400FB912B /* UnlockerViewController.swift */ = {isa = PBXFileReference; lastKnownFileType = sourcecode.swift; path = UnlockerViewController.swift; sourceTree = "<group>"; };
		2EB529131FBA9F1000FB912B /* Helper+String.swift */ = {isa = PBXFileReference; lastKnownFileType = sourcecode.swift; path = "Helper+String.swift"; sourceTree = "<group>"; };
		3152098A6DEC2C61C21F25FE /* Pods-FreeOfo.release.xcconfig */ = {isa = PBXFileReference; includeInIndex = 1; lastKnownFileType = text.xcconfig; name = "Pods-FreeOfo.release.xcconfig"; path = "Pods/Target Support Files/Pods-FreeOfo/Pods-FreeOfo.release.xcconfig"; sourceTree = "<group>"; };
		32AF4FD2F45076E77C2D03AE /* Pods-FreeOfo.debug.xcconfig */ = {isa = PBXFileReference; includeInIndex = 1; lastKnownFileType = text.xcconfig; name = "Pods-FreeOfo.debug.xcconfig"; path = "Pods/Target Support Files/Pods-FreeOfo/Pods-FreeOfo.debug.xcconfig"; sourceTree = "<group>"; };
		753317E83CD5D3D287C713FC /* Pods_FreeOfoTests.framework */ = {isa = PBXFileReference; explicitFileType = wrapper.framework; includeInIndex = 0; path = Pods_FreeOfoTests.framework; sourceTree = BUILT_PRODUCTS_DIR; };
		AE7168369594E80AAFAAE99B /* Pods_FreeOfo.framework */ = {isa = PBXFileReference; explicitFileType = wrapper.framework; includeInIndex = 0; path = Pods_FreeOfo.framework; sourceTree = BUILT_PRODUCTS_DIR; };
		CA4C5D475E1066702775D5B6 /* Pods-FreeOfoTests.debug.xcconfig */ = {isa = PBXFileReference; includeInIndex = 1; lastKnownFileType = text.xcconfig; name = "Pods-FreeOfoTests.debug.xcconfig"; path = "Pods/Target Support Files/Pods-FreeOfoTests/Pods-FreeOfoTests.debug.xcconfig"; sourceTree = "<group>"; };
		CEBC1D2F8A4385756D218AFB /* Pods-FreeOfoUITests.release.xcconfig */ = {isa = PBXFileReference; includeInIndex = 1; lastKnownFileType = text.xcconfig; name = "Pods-FreeOfoUITests.release.xcconfig"; path = "Pods/Target Support Files/Pods-FreeOfoUITests/Pods-FreeOfoUITests.release.xcconfig"; sourceTree = "<group>"; };
		F46A3DF628C108C1FA92B3B4 /* Pods-FreeOfoUITests.debug.xcconfig */ = {isa = PBXFileReference; includeInIndex = 1; lastKnownFileType = text.xcconfig; name = "Pods-FreeOfoUITests.debug.xcconfig"; path = "Pods/Target Support Files/Pods-FreeOfoUITests/Pods-FreeOfoUITests.debug.xcconfig"; sourceTree = "<group>"; };
		FDA593C116E44FDA41F2AF6D /* Pods_FreeOfoUITests.framework */ = {isa = PBXFileReference; explicitFileType = wrapper.framework; includeInIndex = 0; path = Pods_FreeOfoUITests.framework; sourceTree = BUILT_PRODUCTS_DIR; };
/* End PBXFileReference section */

/* Begin PBXFrameworksBuildPhase section */
		2EB528C91FB30ECD00FB912B /* Frameworks */ = {
			isa = PBXFrameworksBuildPhase;
			buildActionMask = 2147483647;
			files = (
				DADD9073FCB55ADD354919B4 /* Pods_FreeOfo.framework in Frameworks */,
			);
			runOnlyForDeploymentPostprocessing = 0;
		};
		2EB528DD1FB30ECD00FB912B /* Frameworks */ = {
			isa = PBXFrameworksBuildPhase;
			buildActionMask = 2147483647;
			files = (
				09EB033754F117CCC30F41E8 /* Pods_FreeOfoTests.framework in Frameworks */,
			);
			runOnlyForDeploymentPostprocessing = 0;
		};
		2EB528E81FB30ECD00FB912B /* Frameworks */ = {
			isa = PBXFrameworksBuildPhase;
			buildActionMask = 2147483647;
			files = (
				BC2C3487797D1B8818523E63 /* Pods_FreeOfoUITests.framework in Frameworks */,
			);
			runOnlyForDeploymentPostprocessing = 0;
		};
/* End PBXFrameworksBuildPhase section */

/* Begin PBXGroup section */
		2EB528C31FB30ECD00FB912B = {
			isa = PBXGroup;
			children = (
				2EB528CE1FB30ECD00FB912B /* FreeOfo */,
				2EB528E31FB30ECD00FB912B /* FreeOfoTests */,
				2EB528EE1FB30ECD00FB912B /* FreeOfoUITests */,
				2EB528CD1FB30ECD00FB912B /* Products */,
				EDA4B1C6A3E3BE5AD6B39164 /* Pods */,
				923717C6430027EBFE7FD61D /* Frameworks */,
			);
			sourceTree = "<group>";
		};
		2EB528CD1FB30ECD00FB912B /* Products */ = {
			isa = PBXGroup;
			children = (
				2EB528CC1FB30ECD00FB912B /* FreeOfo.app */,
				2EB528E01FB30ECD00FB912B /* FreeOfoTests.xctest */,
				2EB528EB1FB30ECD00FB912B /* FreeOfoUITests.xctest */,
			);
			name = Products;
			sourceTree = "<group>";
		};
		2EB528CE1FB30ECD00FB912B /* FreeOfo */ = {
			isa = PBXGroup;
			children = (
				2EB528FF1FB4019B00FB912B /* NetService.swift */,
				2EB529151FBA9F1500FB912B /* Helper */,
				2EB528CF1FB30ECD00FB912B /* AppDelegate.swift */,
				2EB5290B1FB5CB1000FB912B /* Unlocker.swift */,
				2EB529111FB5CCB600FB912B /* Unlocker */,
				2EB529071FB5615800FB912B /* ViewController */,
				2EB528D61FB30ECD00FB912B /* Assets.xcassets */,
				2EB528D81FB30ECD00FB912B /* LaunchScreen.storyboard */,
				2EB528DB1FB30ECD00FB912B /* Info.plist */,
				2EB5290A1FB5A0DD00FB912B /* BridgeHeader.h */,
				2EB529121FB5D32B00FB912B /* SupportFile */,
			);
			path = FreeOfo;
			sourceTree = "<group>";
		};
		2EB528E31FB30ECD00FB912B /* FreeOfoTests */ = {
			isa = PBXGroup;
			children = (
				2EB528E41FB30ECD00FB912B /* FreeOfoTests.swift */,
				2EB528E61FB30ECD00FB912B /* Info.plist */,
			);
			path = FreeOfoTests;
			sourceTree = "<group>";
		};
		2EB528EE1FB30ECD00FB912B /* FreeOfoUITests */ = {
			isa = PBXGroup;
			children = (
				2EB528EF1FB30ECD00FB912B /* FreeOfoUITests.swift */,
				2EB528F11FB30ECD00FB912B /* Info.plist */,
			);
			path = FreeOfoUITests;
			sourceTree = "<group>";
		};
		2EB529071FB5615800FB912B /* ViewController */ = {
			isa = PBXGroup;
			children = (
				2EB528D11FB30ECD00FB912B /* ViewController.swift */,
				2E3545D71FBEC3D400A322CD /* ViewController+BLE.swift */,
				2EB529011FB4309F00FB912B /* ViewController+UIStyle.swift */,
				2E3545D91FBEC6AB00A322CD /* ViewController+Logger.swift */,
				2EB528D31FB30ECD00FB912B /* Main.storyboard */,
				2E3545D11FBE892100A322CD /* TabBar.storyboard */,
				2E3545D31FBE8BF000A322CD /* TabItemViewController.swift */,
				2E3545D41FBE8BF000A322CD /* TabItemViewController.xib */,
			);
			path = ViewController;
			sourceTree = "<group>";
		};
		2EB529111FB5CCB600FB912B /* Unlocker */ = {
			isa = PBXGroup;
			children = (
				2EB5290D1FB5CBF300FB912B /* UnlockerScene.storyboard */,
				2EB5290F1FB5CC9400FB912B /* UnlockerViewController.swift */,
			);
			path = Unlocker;
			sourceTree = "<group>";
		};
		2EB529121FB5D32B00FB912B /* SupportFile */ = {
			isa = PBXGroup;
			children = (
			);
			path = SupportFile;
			sourceTree = "<group>";
		};
		2EB529151FBA9F1500FB912B /* Helper */ = {
			isa = PBXGroup;
			children = (
				2EB529081FB59BFA00FB912B /* Helper.swift */,
				2EB529131FBA9F1000FB912B /* Helper+String.swift */,
			);
			path = Helper;
			sourceTree = "<group>";
		};
		923717C6430027EBFE7FD61D /* Frameworks */ = {
			isa = PBXGroup;
			children = (
				AE7168369594E80AAFAAE99B /* Pods_FreeOfo.framework */,
				753317E83CD5D3D287C713FC /* Pods_FreeOfoTests.framework */,
				FDA593C116E44FDA41F2AF6D /* Pods_FreeOfoUITests.framework */,
			);
			name = Frameworks;
			sourceTree = "<group>";
		};
		EDA4B1C6A3E3BE5AD6B39164 /* Pods */ = {
			isa = PBXGroup;
			children = (
				32AF4FD2F45076E77C2D03AE /* Pods-FreeOfo.debug.xcconfig */,
				3152098A6DEC2C61C21F25FE /* Pods-FreeOfo.release.xcconfig */,
				CA4C5D475E1066702775D5B6 /* Pods-FreeOfoTests.debug.xcconfig */,
				13CD6A951022550BAAC10257 /* Pods-FreeOfoTests.release.xcconfig */,
				F46A3DF628C108C1FA92B3B4 /* Pods-FreeOfoUITests.debug.xcconfig */,
				CEBC1D2F8A4385756D218AFB /* Pods-FreeOfoUITests.release.xcconfig */,
			);
			name = Pods;
			sourceTree = "<group>";
		};
/* End PBXGroup section */

/* Begin PBXNativeTarget section */
		2EB528CB1FB30ECD00FB912B /* FreeOfo */ = {
			isa = PBXNativeTarget;
			buildConfigurationList = 2EB528F41FB30ECD00FB912B /* Build configuration list for PBXNativeTarget "FreeOfo" */;
			buildPhases = (
				CA0695474C9033911D3E9C0D /* [CP] Check Pods Manifest.lock */,
				2EB528C81FB30ECD00FB912B /* Sources */,
				2EB528C91FB30ECD00FB912B /* Frameworks */,
				2EB528CA1FB30ECD00FB912B /* Resources */,
				5D1AA36ED95A1490AA679635 /* [CP] Embed Pods Frameworks */,
				4FEB1D3CB410072B612F1932 /* [CP] Copy Pods Resources */,
			);
			buildRules = (
			);
			dependencies = (
			);
			name = FreeOfo;
			productName = FreeOfo;
			productReference = 2EB528CC1FB30ECD00FB912B /* FreeOfo.app */;
			productType = "com.apple.product-type.application";
		};
		2EB528DF1FB30ECD00FB912B /* FreeOfoTests */ = {
			isa = PBXNativeTarget;
			buildConfigurationList = 2EB528F71FB30ECD00FB912B /* Build configuration list for PBXNativeTarget "FreeOfoTests" */;
			buildPhases = (
				FBA953F10F0B6AD060D2A3C2 /* [CP] Check Pods Manifest.lock */,
				2EB528DC1FB30ECD00FB912B /* Sources */,
				2EB528DD1FB30ECD00FB912B /* Frameworks */,
				2EB528DE1FB30ECD00FB912B /* Resources */,
				99073E16039660EB57EE6A93 /* [CP] Embed Pods Frameworks */,
				6D79776E41D5F66E2646FAC3 /* [CP] Copy Pods Resources */,
			);
			buildRules = (
			);
			dependencies = (
				2EB528E21FB30ECD00FB912B /* PBXTargetDependency */,
			);
			name = FreeOfoTests;
			productName = FreeOfoTests;
			productReference = 2EB528E01FB30ECD00FB912B /* FreeOfoTests.xctest */;
			productType = "com.apple.product-type.bundle.unit-test";
		};
		2EB528EA1FB30ECD00FB912B /* FreeOfoUITests */ = {
			isa = PBXNativeTarget;
			buildConfigurationList = 2EB528FA1FB30ECD00FB912B /* Build configuration list for PBXNativeTarget "FreeOfoUITests" */;
			buildPhases = (
				2C520389DAC0CED750A8164E /* [CP] Check Pods Manifest.lock */,
				2EB528E71FB30ECD00FB912B /* Sources */,
				2EB528E81FB30ECD00FB912B /* Frameworks */,
				2EB528E91FB30ECD00FB912B /* Resources */,
				EB7DC413CBAFF608DCC23225 /* [CP] Embed Pods Frameworks */,
				4CBC0F9BEFD1FBA52A7FD3CF /* [CP] Copy Pods Resources */,
			);
			buildRules = (
			);
			dependencies = (
				2EB528ED1FB30ECD00FB912B /* PBXTargetDependency */,
			);
			name = FreeOfoUITests;
			productName = FreeOfoUITests;
			productReference = 2EB528EB1FB30ECD00FB912B /* FreeOfoUITests.xctest */;
			productType = "com.apple.product-type.bundle.ui-testing";
		};
/* End PBXNativeTarget section */

/* Begin PBXProject section */
		2EB528C41FB30ECD00FB912B /* Project object */ = {
			isa = PBXProject;
			attributes = {
				LastSwiftUpdateCheck = 0900;
				LastUpgradeCheck = 0900;
				ORGANIZATIONNAME = yunba;
				TargetAttributes = {
					2EB528CB1FB30ECD00FB912B = {
						CreatedOnToolsVersion = 9.0.1;
						ProvisioningStyle = Automatic;
					};
					2EB528DF1FB30ECD00FB912B = {
						CreatedOnToolsVersion = 9.0.1;
						ProvisioningStyle = Automatic;
						TestTargetID = 2EB528CB1FB30ECD00FB912B;
					};
					2EB528EA1FB30ECD00FB912B = {
						CreatedOnToolsVersion = 9.0.1;
						ProvisioningStyle = Automatic;
						TestTargetID = 2EB528CB1FB30ECD00FB912B;
					};
				};
			};
			buildConfigurationList = 2EB528C71FB30ECD00FB912B /* Build configuration list for PBXProject "FreeOfo" */;
			compatibilityVersion = "Xcode 8.0";
			developmentRegion = en;
			hasScannedForEncodings = 0;
			knownRegions = (
				en,
				Base,
			);
			mainGroup = 2EB528C31FB30ECD00FB912B;
			productRefGroup = 2EB528CD1FB30ECD00FB912B /* Products */;
			projectDirPath = "";
			projectRoot = "";
			targets = (
				2EB528CB1FB30ECD00FB912B /* FreeOfo */,
				2EB528DF1FB30ECD00FB912B /* FreeOfoTests */,
				2EB528EA1FB30ECD00FB912B /* FreeOfoUITests */,
			);
		};
/* End PBXProject section */

/* Begin PBXResourcesBuildPhase section */
		2EB528CA1FB30ECD00FB912B /* Resources */ = {
			isa = PBXResourcesBuildPhase;
			buildActionMask = 2147483647;
			files = (
				2E3545D21FBE892100A322CD /* TabBar.storyboard in Resources */,
				2E3545D61FBE8BF000A322CD /* TabItemViewController.xib in Resources */,
				2EB5290E1FB5CBF300FB912B /* UnlockerScene.storyboard in Resources */,
				2EB528DA1FB30ECD00FB912B /* LaunchScreen.storyboard in Resources */,
				2EB528D71FB30ECD00FB912B /* Assets.xcassets in Resources */,
				2EB528D51FB30ECD00FB912B /* Main.storyboard in Resources */,
			);
			runOnlyForDeploymentPostprocessing = 0;
		};
		2EB528DE1FB30ECD00FB912B /* Resources */ = {
			isa = PBXResourcesBuildPhase;
			buildActionMask = 2147483647;
			files = (
			);
			runOnlyForDeploymentPostprocessing = 0;
		};
		2EB528E91FB30ECD00FB912B /* Resources */ = {
			isa = PBXResourcesBuildPhase;
			buildActionMask = 2147483647;
			files = (
			);
			runOnlyForDeploymentPostprocessing = 0;
		};
/* End PBXResourcesBuildPhase section */

/* Begin PBXShellScriptBuildPhase section */
		2C520389DAC0CED750A8164E /* [CP] Check Pods Manifest.lock */ = {
			isa = PBXShellScriptBuildPhase;
			buildActionMask = 2147483647;
			files = (
			);
			inputPaths = (
				"${PODS_PODFILE_DIR_PATH}/Podfile.lock",
				"${PODS_ROOT}/Manifest.lock",
			);
			name = "[CP] Check Pods Manifest.lock";
			outputPaths = (
				"$(DERIVED_FILE_DIR)/Pods-FreeOfoUITests-checkManifestLockResult.txt",
			);
			runOnlyForDeploymentPostprocessing = 0;
			shellPath = /bin/sh;
			shellScript = "diff \"${PODS_PODFILE_DIR_PATH}/Podfile.lock\" \"${PODS_ROOT}/Manifest.lock\" > /dev/null\nif [ $? != 0 ] ; then\n    # print error to STDERR\n    echo \"error: The sandbox is not in sync with the Podfile.lock. Run 'pod install' or update your CocoaPods installation.\" >&2\n    exit 1\nfi\n# This output is used by Xcode 'outputs' to avoid re-running this script phase.\necho \"SUCCESS\" > \"${SCRIPT_OUTPUT_FILE_0}\"\n";
			showEnvVarsInLog = 0;
		};
		4CBC0F9BEFD1FBA52A7FD3CF /* [CP] Copy Pods Resources */ = {
			isa = PBXShellScriptBuildPhase;
			buildActionMask = 2147483647;
			files = (
			);
			inputPaths = (
			);
			name = "[CP] Copy Pods Resources";
			outputPaths = (
			);
			runOnlyForDeploymentPostprocessing = 0;
			shellPath = /bin/sh;
			shellScript = "\"${SRCROOT}/Pods/Target Support Files/Pods-FreeOfoUITests/Pods-FreeOfoUITests-resources.sh\"\n";
			showEnvVarsInLog = 0;
		};
		4FEB1D3CB410072B612F1932 /* [CP] Copy Pods Resources */ = {
			isa = PBXShellScriptBuildPhase;
			buildActionMask = 2147483647;
			files = (
			);
			inputPaths = (
			);
			name = "[CP] Copy Pods Resources";
			outputPaths = (
			);
			runOnlyForDeploymentPostprocessing = 0;
			shellPath = /bin/sh;
			shellScript = "\"${SRCROOT}/Pods/Target Support Files/Pods-FreeOfo/Pods-FreeOfo-resources.sh\"\n";
			showEnvVarsInLog = 0;
		};
		5D1AA36ED95A1490AA679635 /* [CP] Embed Pods Frameworks */ = {
			isa = PBXShellScriptBuildPhase;
			buildActionMask = 2147483647;
			files = (
			);
			inputPaths = (
				"${SRCROOT}/Pods/Target Support Files/Pods-FreeOfo/Pods-FreeOfo-frameworks.sh",
				"${BUILT_PRODUCTS_DIR}/Alamofire/Alamofire.framework",
				"${BUILT_PRODUCTS_DIR}/Moya/Moya.framework",
				"${BUILT_PRODUCTS_DIR}/Result/Result.framework",
				"${BUILT_PRODUCTS_DIR}/RxBluetoothKit/RxBluetoothKit.framework",
				"${BUILT_PRODUCTS_DIR}/RxCocoa/RxCocoa.framework",
				"${BUILT_PRODUCTS_DIR}/RxSwift/RxSwift.framework",
				"${BUILT_PRODUCTS_DIR}/SnapKit/SnapKit.framework",
				"${BUILT_PRODUCTS_DIR}/SwiftyJSON/SwiftyJSON.framework",
				"${BUILT_PRODUCTS_DIR}/Toast-Swift/Toast_Swift.framework",
			);
			name = "[CP] Embed Pods Frameworks";
			outputPaths = (
				"${TARGET_BUILD_DIR}/${FRAMEWORKS_FOLDER_PATH}/Alamofire.framework",
				"${TARGET_BUILD_DIR}/${FRAMEWORKS_FOLDER_PATH}/Moya.framework",
				"${TARGET_BUILD_DIR}/${FRAMEWORKS_FOLDER_PATH}/Result.framework",
				"${TARGET_BUILD_DIR}/${FRAMEWORKS_FOLDER_PATH}/RxBluetoothKit.framework",
				"${TARGET_BUILD_DIR}/${FRAMEWORKS_FOLDER_PATH}/RxCocoa.framework",
				"${TARGET_BUILD_DIR}/${FRAMEWORKS_FOLDER_PATH}/RxSwift.framework",
				"${TARGET_BUILD_DIR}/${FRAMEWORKS_FOLDER_PATH}/SnapKit.framework",
				"${TARGET_BUILD_DIR}/${FRAMEWORKS_FOLDER_PATH}/SwiftyJSON.framework",
				"${TARGET_BUILD_DIR}/${FRAMEWORKS_FOLDER_PATH}/Toast_Swift.framework",
			);
			runOnlyForDeploymentPostprocessing = 0;
			shellPath = /bin/sh;
			shellScript = "\"${SRCROOT}/Pods/Target Support Files/Pods-FreeOfo/Pods-FreeOfo-frameworks.sh\"\n";
			showEnvVarsInLog = 0;
		};
		6D79776E41D5F66E2646FAC3 /* [CP] Copy Pods Resources */ = {
			isa = PBXShellScriptBuildPhase;
			buildActionMask = 2147483647;
			files = (
			);
			inputPaths = (
			);
			name = "[CP] Copy Pods Resources";
			outputPaths = (
			);
			runOnlyForDeploymentPostprocessing = 0;
			shellPath = /bin/sh;
			shellScript = "\"${SRCROOT}/Pods/Target Support Files/Pods-FreeOfoTests/Pods-FreeOfoTests-resources.sh\"\n";
			showEnvVarsInLog = 0;
		};
		99073E16039660EB57EE6A93 /* [CP] Embed Pods Frameworks */ = {
			isa = PBXShellScriptBuildPhase;
			buildActionMask = 2147483647;
			files = (
			);
			inputPaths = (
			);
			name = "[CP] Embed Pods Frameworks";
			outputPaths = (
			);
			runOnlyForDeploymentPostprocessing = 0;
			shellPath = /bin/sh;
			shellScript = "\"${SRCROOT}/Pods/Target Support Files/Pods-FreeOfoTests/Pods-FreeOfoTests-frameworks.sh\"\n";
			showEnvVarsInLog = 0;
		};
		CA0695474C9033911D3E9C0D /* [CP] Check Pods Manifest.lock */ = {
			isa = PBXShellScriptBuildPhase;
			buildActionMask = 2147483647;
			files = (
			);
			inputPaths = (
				"${PODS_PODFILE_DIR_PATH}/Podfile.lock",
				"${PODS_ROOT}/Manifest.lock",
			);
			name = "[CP] Check Pods Manifest.lock";
			outputPaths = (
				"$(DERIVED_FILE_DIR)/Pods-FreeOfo-checkManifestLockResult.txt",
			);
			runOnlyForDeploymentPostprocessing = 0;
			shellPath = /bin/sh;
			shellScript = "diff \"${PODS_PODFILE_DIR_PATH}/Podfile.lock\" \"${PODS_ROOT}/Manifest.lock\" > /dev/null\nif [ $? != 0 ] ; then\n    # print error to STDERR\n    echo \"error: The sandbox is not in sync with the Podfile.lock. Run 'pod install' or update your CocoaPods installation.\" >&2\n    exit 1\nfi\n# This output is used by Xcode 'outputs' to avoid re-running this script phase.\necho \"SUCCESS\" > \"${SCRIPT_OUTPUT_FILE_0}\"\n";
			showEnvVarsInLog = 0;
		};
		EB7DC413CBAFF608DCC23225 /* [CP] Embed Pods Frameworks */ = {
			isa = PBXShellScriptBuildPhase;
			buildActionMask = 2147483647;
			files = (
			);
			inputPaths = (
			);
			name = "[CP] Embed Pods Frameworks";
			outputPaths = (
			);
			runOnlyForDeploymentPostprocessing = 0;
			shellPath = /bin/sh;
			shellScript = "\"${SRCROOT}/Pods/Target Support Files/Pods-FreeOfoUITests/Pods-FreeOfoUITests-frameworks.sh\"\n";
			showEnvVarsInLog = 0;
		};
		FBA953F10F0B6AD060D2A3C2 /* [CP] Check Pods Manifest.lock */ = {
			isa = PBXShellScriptBuildPhase;
			buildActionMask = 2147483647;
			files = (
			);
			inputPaths = (
				"${PODS_PODFILE_DIR_PATH}/Podfile.lock",
				"${PODS_ROOT}/Manifest.lock",
			);
			name = "[CP] Check Pods Manifest.lock";
			outputPaths = (
				"$(DERIVED_FILE_DIR)/Pods-FreeOfoTests-checkManifestLockResult.txt",
			);
			runOnlyForDeploymentPostprocessing = 0;
			shellPath = /bin/sh;
			shellScript = "diff \"${PODS_PODFILE_DIR_PATH}/Podfile.lock\" \"${PODS_ROOT}/Manifest.lock\" > /dev/null\nif [ $? != 0 ] ; then\n    # print error to STDERR\n    echo \"error: The sandbox is not in sync with the Podfile.lock. Run 'pod install' or update your CocoaPods installation.\" >&2\n    exit 1\nfi\n# This output is used by Xcode 'outputs' to avoid re-running this script phase.\necho \"SUCCESS\" > \"${SCRIPT_OUTPUT_FILE_0}\"\n";
			showEnvVarsInLog = 0;
		};
/* End PBXShellScriptBuildPhase section */

/* Begin PBXSourcesBuildPhase section */
		2EB528C81FB30ECD00FB912B /* Sources */ = {
			isa = PBXSourcesBuildPhase;
			buildActionMask = 2147483647;
			files = (
				2E3545D51FBE8BF000A322CD /* TabItemViewController.swift in Sources */,
				2EB528D21FB30ECD00FB912B /* ViewController.swift in Sources */,
				2EB529091FB59BFA00FB912B /* Helper.swift in Sources */,
				2EB529101FB5CC9400FB912B /* UnlockerViewController.swift in Sources */,
				2EB529141FBA9F1000FB912B /* Helper+String.swift in Sources */,
				2EB528D01FB30ECD00FB912B /* AppDelegate.swift in Sources */,
				2E3545D81FBEC3D400A322CD /* ViewController+BLE.swift in Sources */,
				2EB5290C1FB5CB1100FB912B /* Unlocker.swift in Sources */,
				2E3545DA1FBEC6AB00A322CD /* ViewController+Logger.swift in Sources */,
				2EB529021FB4309F00FB912B /* ViewController+UIStyle.swift in Sources */,
				2EB529001FB4019B00FB912B /* NetService.swift in Sources */,
			);
			runOnlyForDeploymentPostprocessing = 0;
		};
		2EB528DC1FB30ECD00FB912B /* Sources */ = {
			isa = PBXSourcesBuildPhase;
			buildActionMask = 2147483647;
			files = (
				2EB528E51FB30ECD00FB912B /* FreeOfoTests.swift in Sources */,
			);
			runOnlyForDeploymentPostprocessing = 0;
		};
		2EB528E71FB30ECD00FB912B /* Sources */ = {
			isa = PBXSourcesBuildPhase;
			buildActionMask = 2147483647;
			files = (
				2EB528F01FB30ECD00FB912B /* FreeOfoUITests.swift in Sources */,
			);
			runOnlyForDeploymentPostprocessing = 0;
		};
/* End PBXSourcesBuildPhase section */

/* Begin PBXTargetDependency section */
		2EB528E21FB30ECD00FB912B /* PBXTargetDependency */ = {
			isa = PBXTargetDependency;
			target = 2EB528CB1FB30ECD00FB912B /* FreeOfo */;
			targetProxy = 2EB528E11FB30ECD00FB912B /* PBXContainerItemProxy */;
		};
		2EB528ED1FB30ECD00FB912B /* PBXTargetDependency */ = {
			isa = PBXTargetDependency;
			target = 2EB528CB1FB30ECD00FB912B /* FreeOfo */;
			targetProxy = 2EB528EC1FB30ECD00FB912B /* PBXContainerItemProxy */;
		};
/* End PBXTargetDependency section */

/* Begin PBXVariantGroup section */
		2EB528D31FB30ECD00FB912B /* Main.storyboard */ = {
			isa = PBXVariantGroup;
			children = (
				2EB528D41FB30ECD00FB912B /* Base */,
			);
			name = Main.storyboard;
			sourceTree = "<group>";
		};
		2EB528D81FB30ECD00FB912B /* LaunchScreen.storyboard */ = {
			isa = PBXVariantGroup;
			children = (
				2EB528D91FB30ECD00FB912B /* Base */,
			);
			name = LaunchScreen.storyboard;
			sourceTree = "<group>";
		};
/* End PBXVariantGroup section */

/* Begin XCBuildConfiguration section */
		2EB528F21FB30ECD00FB912B /* Debug */ = {
			isa = XCBuildConfiguration;
			buildSettings = {
				ALWAYS_SEARCH_USER_PATHS = NO;
				CLANG_ANALYZER_NONNULL = YES;
				CLANG_ANALYZER_NUMBER_OBJECT_CONVERSION = YES_AGGRESSIVE;
				CLANG_CXX_LANGUAGE_STANDARD = "gnu++14";
				CLANG_CXX_LIBRARY = "libc++";
				CLANG_ENABLE_MODULES = YES;
				CLANG_ENABLE_OBJC_ARC = YES;
				CLANG_WARN_BLOCK_CAPTURE_AUTORELEASING = YES;
				CLANG_WARN_BOOL_CONVERSION = YES;
				CLANG_WARN_COMMA = YES;
				CLANG_WARN_CONSTANT_CONVERSION = YES;
				CLANG_WARN_DIRECT_OBJC_ISA_USAGE = YES_ERROR;
				CLANG_WARN_DOCUMENTATION_COMMENTS = YES;
				CLANG_WARN_EMPTY_BODY = YES;
				CLANG_WARN_ENUM_CONVERSION = YES;
				CLANG_WARN_INFINITE_RECURSION = YES;
				CLANG_WARN_INT_CONVERSION = YES;
				CLANG_WARN_NON_LITERAL_NULL_CONVERSION = YES;
				CLANG_WARN_OBJC_LITERAL_CONVERSION = YES;
				CLANG_WARN_OBJC_ROOT_CLASS = YES_ERROR;
				CLANG_WARN_RANGE_LOOP_ANALYSIS = YES;
				CLANG_WARN_STRICT_PROTOTYPES = YES;
				CLANG_WARN_SUSPICIOUS_MOVE = YES;
				CLANG_WARN_UNGUARDED_AVAILABILITY = YES_AGGRESSIVE;
				CLANG_WARN_UNREACHABLE_CODE = YES;
				CLANG_WARN__DUPLICATE_METHOD_MATCH = YES;
				CODE_SIGN_IDENTITY = "iPhone Developer";
				COPY_PHASE_STRIP = NO;
				DEBUG_INFORMATION_FORMAT = dwarf;
				ENABLE_STRICT_OBJC_MSGSEND = YES;
				ENABLE_TESTABILITY = YES;
				GCC_C_LANGUAGE_STANDARD = gnu11;
				GCC_DYNAMIC_NO_PIC = NO;
				GCC_NO_COMMON_BLOCKS = YES;
				GCC_OPTIMIZATION_LEVEL = 0;
				GCC_PREPROCESSOR_DEFINITIONS = (
					"DEBUG=1",
					"$(inherited)",
				);
				GCC_WARN_64_TO_32_BIT_CONVERSION = YES;
				GCC_WARN_ABOUT_RETURN_TYPE = YES_ERROR;
				GCC_WARN_UNDECLARED_SELECTOR = YES;
				GCC_WARN_UNINITIALIZED_AUTOS = YES_AGGRESSIVE;
				GCC_WARN_UNUSED_FUNCTION = YES;
				GCC_WARN_UNUSED_VARIABLE = YES;
				IPHONEOS_DEPLOYMENT_TARGET = 11.0;
				MTL_ENABLE_DEBUG_INFO = YES;
				ONLY_ACTIVE_ARCH = YES;
				SDKROOT = iphoneos;
				SWIFT_ACTIVE_COMPILATION_CONDITIONS = DEBUG;
				SWIFT_OPTIMIZATION_LEVEL = "-Onone";
			};
			name = Debug;
		};
		2EB528F31FB30ECD00FB912B /* Release */ = {
			isa = XCBuildConfiguration;
			buildSettings = {
				ALWAYS_SEARCH_USER_PATHS = NO;
				CLANG_ANALYZER_NONNULL = YES;
				CLANG_ANALYZER_NUMBER_OBJECT_CONVERSION = YES_AGGRESSIVE;
				CLANG_CXX_LANGUAGE_STANDARD = "gnu++14";
				CLANG_CXX_LIBRARY = "libc++";
				CLANG_ENABLE_MODULES = YES;
				CLANG_ENABLE_OBJC_ARC = YES;
				CLANG_WARN_BLOCK_CAPTURE_AUTORELEASING = YES;
				CLANG_WARN_BOOL_CONVERSION = YES;
				CLANG_WARN_COMMA = YES;
				CLANG_WARN_CONSTANT_CONVERSION = YES;
				CLANG_WARN_DIRECT_OBJC_ISA_USAGE = YES_ERROR;
				CLANG_WARN_DOCUMENTATION_COMMENTS = YES;
				CLANG_WARN_EMPTY_BODY = YES;
				CLANG_WARN_ENUM_CONVERSION = YES;
				CLANG_WARN_INFINITE_RECURSION = YES;
				CLANG_WARN_INT_CONVERSION = YES;
				CLANG_WARN_NON_LITERAL_NULL_CONVERSION = YES;
				CLANG_WARN_OBJC_LITERAL_CONVERSION = YES;
				CLANG_WARN_OBJC_ROOT_CLASS = YES_ERROR;
				CLANG_WARN_RANGE_LOOP_ANALYSIS = YES;
				CLANG_WARN_STRICT_PROTOTYPES = YES;
				CLANG_WARN_SUSPICIOUS_MOVE = YES;
				CLANG_WARN_UNGUARDED_AVAILABILITY = YES_AGGRESSIVE;
				CLANG_WARN_UNREACHABLE_CODE = YES;
				CLANG_WARN__DUPLICATE_METHOD_MATCH = YES;
				CODE_SIGN_IDENTITY = "iPhone Developer";
				COPY_PHASE_STRIP = NO;
				DEBUG_INFORMATION_FORMAT = "dwarf-with-dsym";
				ENABLE_NS_ASSERTIONS = NO;
				ENABLE_STRICT_OBJC_MSGSEND = YES;
				GCC_C_LANGUAGE_STANDARD = gnu11;
				GCC_NO_COMMON_BLOCKS = YES;
				GCC_WARN_64_TO_32_BIT_CONVERSION = YES;
				GCC_WARN_ABOUT_RETURN_TYPE = YES_ERROR;
				GCC_WARN_UNDECLARED_SELECTOR = YES;
				GCC_WARN_UNINITIALIZED_AUTOS = YES_AGGRESSIVE;
				GCC_WARN_UNUSED_FUNCTION = YES;
				GCC_WARN_UNUSED_VARIABLE = YES;
				IPHONEOS_DEPLOYMENT_TARGET = 11.0;
				MTL_ENABLE_DEBUG_INFO = NO;
				SDKROOT = iphoneos;
				SWIFT_OPTIMIZATION_LEVEL = "-Owholemodule";
				VALIDATE_PRODUCT = YES;
			};
			name = Release;
		};
		2EB528F51FB30ECD00FB912B /* Debug */ = {
			isa = XCBuildConfiguration;
			baseConfigurationReference = 32AF4FD2F45076E77C2D03AE /* Pods-FreeOfo.debug.xcconfig */;
			buildSettings = {
				ASSETCATALOG_COMPILER_APPICON_NAME = AppIcon;
				CODE_SIGN_STYLE = Automatic;
				DEVELOPMENT_TEAM = NZF49C8V6H;
				INFOPLIST_FILE = FreeOfo/Info.plist;
				IPHONEOS_DEPLOYMENT_TARGET = 9.0;
				LD_RUNPATH_SEARCH_PATHS = "$(inherited) @executable_path/Frameworks";
				PRODUCT_BUNDLE_IDENTIFIER = io.yunba.FreeOfo;
				PRODUCT_NAME = "$(TARGET_NAME)";
				SWIFT_OBJC_BRIDGING_HEADER = "$(SRCROOT)/FreeOfo/BridgeHeader.h";
				SWIFT_VERSION = 4.0;
				TARGETED_DEVICE_FAMILY = "1,2";
			};
			name = Debug;
		};
		2EB528F61FB30ECD00FB912B /* Release */ = {
			isa = XCBuildConfiguration;
			baseConfigurationReference = 3152098A6DEC2C61C21F25FE /* Pods-FreeOfo.release.xcconfig */;
			buildSettings = {
				ASSETCATALOG_COMPILER_APPICON_NAME = AppIcon;
				CODE_SIGN_STYLE = Automatic;
				DEVELOPMENT_TEAM = NZF49C8V6H;
				INFOPLIST_FILE = FreeOfo/Info.plist;
				IPHONEOS_DEPLOYMENT_TARGET = 9.0;
				LD_RUNPATH_SEARCH_PATHS = "$(inherited) @executable_path/Frameworks";
				PRODUCT_BUNDLE_IDENTIFIER = io.yunba.FreeOfo;
				PRODUCT_NAME = "$(TARGET_NAME)";
				SWIFT_OBJC_BRIDGING_HEADER = "$(SRCROOT)/FreeOfo/BridgeHeader.h";
				SWIFT_VERSION = 4.0;
				TARGETED_DEVICE_FAMILY = "1,2";
			};
			name = Release;
		};
		2EB528F81FB30ECD00FB912B /* Debug */ = {
			isa = XCBuildConfiguration;
			baseConfigurationReference = CA4C5D475E1066702775D5B6 /* Pods-FreeOfoTests.debug.xcconfig */;
			buildSettings = {
				ALWAYS_EMBED_SWIFT_STANDARD_LIBRARIES = YES;
				BUNDLE_LOADER = "$(TEST_HOST)";
				CODE_SIGN_STYLE = Automatic;
				DEVELOPMENT_TEAM = NZF49C8V6H;
				INFOPLIST_FILE = FreeOfoTests/Info.plist;
				LD_RUNPATH_SEARCH_PATHS = "$(inherited) @executable_path/Frameworks @loader_path/Frameworks";
				PRODUCT_BUNDLE_IDENTIFIER = io.yunba.FreeOfoTests;
				PRODUCT_NAME = "$(TARGET_NAME)";
				SWIFT_VERSION = 4.0;
				TARGETED_DEVICE_FAMILY = "1,2";
				TEST_HOST = "$(BUILT_PRODUCTS_DIR)/FreeOfo.app/FreeOfo";
			};
			name = Debug;
		};
		2EB528F91FB30ECD00FB912B /* Release */ = {
			isa = XCBuildConfiguration;
			baseConfigurationReference = 13CD6A951022550BAAC10257 /* Pods-FreeOfoTests.release.xcconfig */;
			buildSettings = {
				ALWAYS_EMBED_SWIFT_STANDARD_LIBRARIES = YES;
				BUNDLE_LOADER = "$(TEST_HOST)";
				CODE_SIGN_STYLE = Automatic;
				DEVELOPMENT_TEAM = NZF49C8V6H;
				INFOPLIST_FILE = FreeOfoTests/Info.plist;
				LD_RUNPATH_SEARCH_PATHS = "$(inherited) @executable_path/Frameworks @loader_path/Frameworks";
				PRODUCT_BUNDLE_IDENTIFIER = io.yunba.FreeOfoTests;
				PRODUCT_NAME = "$(TARGET_NAME)";
				SWIFT_VERSION = 4.0;
				TARGETED_DEVICE_FAMILY = "1,2";
				TEST_HOST = "$(BUILT_PRODUCTS_DIR)/FreeOfo.app/FreeOfo";
			};
			name = Release;
		};
		2EB528FB1FB30ECD00FB912B /* Debug */ = {
			isa = XCBuildConfiguration;
			baseConfigurationReference = F46A3DF628C108C1FA92B3B4 /* Pods-FreeOfoUITests.debug.xcconfig */;
			buildSettings = {
				ALWAYS_EMBED_SWIFT_STANDARD_LIBRARIES = YES;
				CODE_SIGN_STYLE = Automatic;
				DEVELOPMENT_TEAM = NZF49C8V6H;
				INFOPLIST_FILE = FreeOfoUITests/Info.plist;
				LD_RUNPATH_SEARCH_PATHS = "$(inherited) @executable_path/Frameworks @loader_path/Frameworks";
				PRODUCT_BUNDLE_IDENTIFIER = io.yunba.FreeOfoUITests;
				PRODUCT_NAME = "$(TARGET_NAME)";
				SWIFT_VERSION = 4.0;
				TARGETED_DEVICE_FAMILY = "1,2";
				TEST_TARGET_NAME = FreeOfo;
			};
			name = Debug;
		};
		2EB528FC1FB30ECD00FB912B /* Release */ = {
			isa = XCBuildConfiguration;
			baseConfigurationReference = CEBC1D2F8A4385756D218AFB /* Pods-FreeOfoUITests.release.xcconfig */;
			buildSettings = {
				ALWAYS_EMBED_SWIFT_STANDARD_LIBRARIES = YES;
				CODE_SIGN_STYLE = Automatic;
				DEVELOPMENT_TEAM = NZF49C8V6H;
				INFOPLIST_FILE = FreeOfoUITests/Info.plist;
				LD_RUNPATH_SEARCH_PATHS = "$(inherited) @executable_path/Frameworks @loader_path/Frameworks";
				PRODUCT_BUNDLE_IDENTIFIER = io.yunba.FreeOfoUITests;
				PRODUCT_NAME = "$(TARGET_NAME)";
				SWIFT_VERSION = 4.0;
				TARGETED_DEVICE_FAMILY = "1,2";
				TEST_TARGET_NAME = FreeOfo;
			};
			name = Release;
		};
/* End XCBuildConfiguration section */

/* Begin XCConfigurationList section */
		2EB528C71FB30ECD00FB912B /* Build configuration list for PBXProject "FreeOfo" */ = {
			isa = XCConfigurationList;
			buildConfigurations = (
				2EB528F21FB30ECD00FB912B /* Debug */,
				2EB528F31FB30ECD00FB912B /* Release */,
			);
			defaultConfigurationIsVisible = 0;
			defaultConfigurationName = Release;
		};
		2EB528F41FB30ECD00FB912B /* Build configuration list for PBXNativeTarget "FreeOfo" */ = {
			isa = XCConfigurationList;
			buildConfigurations = (
				2EB528F51FB30ECD00FB912B /* Debug */,
				2EB528F61FB30ECD00FB912B /* Release */,
			);
			defaultConfigurationIsVisible = 0;
			defaultConfigurationName = Release;
		};
		2EB528F71FB30ECD00FB912B /* Build configuration list for PBXNativeTarget "FreeOfoTests" */ = {
			isa = XCConfigurationList;
			buildConfigurations = (
				2EB528F81FB30ECD00FB912B /* Debug */,
				2EB528F91FB30ECD00FB912B /* Release */,
			);
			defaultConfigurationIsVisible = 0;
			defaultConfigurationName = Release;
		};
		2EB528FA1FB30ECD00FB912B /* Build configuration list for PBXNativeTarget "FreeOfoUITests" */ = {
			isa = XCConfigurationList;
			buildConfigurations = (
				2EB528FB1FB30ECD00FB912B /* Debug */,
				2EB528FC1FB30ECD00FB912B /* Release */,
			);
			defaultConfigurationIsVisible = 0;
			defaultConfigurationName = Release;
		};
/* End XCConfigurationList section */
	};
	rootObject = 2EB528C41FB30ECD00FB912B /* Project object */;
}
